
Microsoft Visual Studio Solution File, Format Version 12.00
# Visual Studio Version 17
VisualStudioVersion = 17.8.34408.163
MinimumVisualStudioVersion = 10.0.40219.1
Project("{FAE04EC0-301F-11D3-BF4B-00C04F79EFBC}") = "Lab1_q1", "Lab1_q1\Lab1_q1.csproj", "{10889000-1780-4540-B03A-EA17337BA3DB}"
EndProject
Global
	GlobalSection(SolutionConfigurationPlatforms) = preSolution
		Debug|Any CPU = Debug|Any CPU
		Release|Any CPU = Release|Any CPU
	EndGlobalSection
	GlobalSection(ProjectConfigurationPlatforms) = postSolution
		{10889000-1780-4540-B03A-EA17337BA3DB}.Debug|Any CPU.ActiveCfg = Debug|Any CPU
		{10889000-1780-4540-B03A-EA17337BA3DB}.Debug|Any CPU.Build.0 = Debug|Any CPU
		{10889000-1780-4540-B03A-EA17337BA3DB}.Release|Any CPU.ActiveCfg = Release|Any CPU
		{10889000-1780-4540-B03A-EA17337BA3DB}.Release|Any CPU.Build.0 = Release|Any CPU
	EndGlobalSection
	GlobalSection(SolutionProperties) = preSolution
		HideSolutionNode = FALSE
	EndGlobalSection
	GlobalSection(ExtensibilityGlobals) = postSolution
		SolutionGuid = {D3608275-1AE7-42A2-AE7E-E2920CADDFA4}
	EndGlobalSection
EndGlobal
